{
  "name": "@ppzp/local-data",
  "version": "0.0.0",
  "lockfileVersion": 2,
  "requires": true,
  "packages": {
    "": {
      "name": "@ppzp/local-data",
      "version": "0.0.0",
      "license": "ISC",
      "dependencies": {
        "@ppzp/utils": "^0.0.10"
      }
    },
    "node_modules/@ppzp/utils": {
      "version": "0.0.10",
      "resolved": "https://registry.npmjs.org/@ppzp/utils/-/utils-0.0.10.tgz",
      "integrity": "sha512-qab0LZFEN/22CGH23/N7sfrh3YojM/ssnD1qAX0wVTR3SLpf/BXSC/IIXPaEnx7TNYZvMGtKi5wvUZIzVh7RfQ=="
    }
  },
  "dependencies": {
    "@ppzp/utils": {
      "version": "0.0.10",
      "resolved": "https://registry.npmjs.org/@ppzp/utils/-/utils-0.0.10.tgz",
      "integrity": "sha512-qab0LZFEN/22CGH23/N7sfrh3YojM/ssnD1qAX0wVTR3SLpf/BXSC/IIXPaEnx7TNYZvMGtKi5wvUZIzVh7RfQ=="
    }
  }
}
